hash: ba680fd166def8c4bad4bc347e9ccd91035365a950a926da3225e4df88cc34f5
updated: 2017-11-13T16:06:31.132275306Z
imports:
- name: github.com/golang/glog
  version: 23def4e6c14b4da8ac2ed8007337bc5eb5007998
- name: github.com/msteinert/pam
  version: f4cd9f5e29232537a12db1678f48c702ad6896b7
- name: github.com/SermoDigital/jose
  version: 2bd9b81ac51d6d6134fcd4fd846bd2e7347a15f9
  subpackages:
  - crypto
  - jws
  - jwt
- name: golang.org/x/sys
  version: 8f0908ab3b2457e2e15403d3697c9ef5cb4b57a9
  subpackages:
  - unix
testImports: []
